// !$*UTF8*$!
{
	archiveVersion = 1;
	classes = {
	};
	objectVersion = 46;
	objects = {

/* Begin PBXFileReference section */
		AA313A1E1A7FA3AC00A12005 /* Ex1.23-SearchForPrimes.playground */ = {isa = PBXFileReference; lastKnownFileType = file.playground; path = "Ex1.23-SearchForPrimes.playground"; sourceTree = "<group>"; };
		AA313A1F1A7FA66100A12005 /* Ex1.22-SearchForPrimes.playground */ = {isa = PBXFileReference; lastKnownFileType = file.playground; path = "Ex1.22-SearchForPrimes.playground"; sourceTree = "<group>"; };
		AA5103C21A81000100D145C1 /* Ex1.24-SearchForPrimes-Fermat.playground */ = {isa = PBXFileReference; lastKnownFileType = file.playground; path = "Ex1.24-SearchForPrimes-Fermat.playground"; sourceTree = "<group>"; };
		AA8DA81F1A82473500643C12 /* Ex1.25-expMod-Modified.playground */ = {isa = PBXFileReference; lastKnownFileType = file.playground; path = "Ex1.25-expMod-Modified.playground"; sourceTree = "<group>"; };
		E60355671B4DE5740055C32A /* Ex2.61-adjoinSet-ordered.playground */ = {isa = PBXFileReference; lastKnownFileType = file.playground; path = "Ex2.61-adjoinSet-ordered.playground"; sourceTree = "<group>"; };
		E60355681B4DF06A0055C32A /* Ex2.62-unionSet-ordered.playground */ = {isa = PBXFileReference; lastKnownFileType = file.playground; path = "Ex2.62-unionSet-ordered.playground"; sourceTree = "<group>"; };
		E60401F61AA9673C00211ABE /* Ex1.46-Iterative-Improve.playground */ = {isa = PBXFileReference; lastKnownFileType = file.playground; path = "Ex1.46-Iterative-Improve.playground"; sourceTree = "<group>"; };
		E607D25F1B58B0E2006FB709 /* Ex2.69-generate-Huffman-tree.playground */ = {isa = PBXFileReference; lastKnownFileType = file.playground; path = "Ex2.69-generate-Huffman-tree.playground"; sourceTree = "<group>"; };
		E60A1B3C1B217305008E914D /* Ex2.42-Queens-Puzzle.playground */ = {isa = PBXFileReference; lastKnownFileType = file.playground; path = "Ex2.42-Queens-Puzzle.playground"; sourceTree = "<group>"; };
		E60A86D31A839C2200ACBA3C /* Ex1.26-expMod-Modified.playground */ = {isa = PBXFileReference; lastKnownFileType = file.playground; path = "Ex1.26-expMod-Modified.playground"; sourceTree = "<group>"; };
		E60FC5191AC0EAE2007A7197 /* Ex26ChurchNumerals.playground */ = {isa = PBXFileReference; lastKnownFileType = file.playground; path = Ex26ChurchNumerals.playground; sourceTree = "<group>"; };
		E6153A081ADA8EEB0031FA24 /* Ex2.21-Square-List.playground */ = {isa = PBXFileReference; lastKnownFileType = file.playground; path = "Ex2.21-Square-List.playground"; sourceTree = "<group>"; };
		E6153A091ADAA0050031FA24 /* Ex2.22-Iterative-Square-List.playground */ = {isa = PBXFileReference; lastKnownFileType = file.playground; path = "Ex2.22-Iterative-Square-List.playground"; sourceTree = "<group>"; };
		E61601471ADB50C70081BF21 /* Ex2.23-For-Each.playground */ = {isa = PBXFileReference; lastKnownFileType = file.playground; path = "Ex2.23-For-Each.playground"; sourceTree = "<group>"; };
		E616A2161AAF108E00BCE97E /* Ex2.3-Rectangles.playground */ = {isa = PBXFileReference; lastKnownFileType = file.playground; path = "Ex2.3-Rectangles.playground"; sourceTree = "<group>"; };
		E618DBFA1B39169A00FF9E3C /* Ex2.47-Frame.playground */ = {isa = PBXFileReference; lastKnownFileType = file.playground; path = "Ex2.47-Frame.playground"; sourceTree = "<group>"; };
		E618DBFB1B391F5700FF9E3C /* Ex2.48-Segment.playground */ = {isa = PBXFileReference; lastKnownFileType = file.playground; path = "Ex2.48-Segment.playground"; sourceTree = "<group>"; };
		E618DBFC1B39203700FF9E3C /* Ex2.49-Segments-To-Painters.playground */ = {isa = PBXFileReference; lastKnownFileType = file.playground; path = "Ex2.49-Segments-To-Painters.playground"; sourceTree = "<group>"; };
		E61AD7481A871D2B0028163E /* Ex1.27-Carmichael-Numbers.playground */ = {isa = PBXFileReference; lastKnownFileType = file.playground; path = "Ex1.27-Carmichael-Numbers.playground"; sourceTree = "<group>"; };
		E61DAC6E1B1C6457001F3774 /* Ex2.35-Count-Leaves-Accumulation.playground */ = {isa = PBXFileReference; lastKnownFileType = file.playground; path = "Ex2.35-Count-Leaves-Accumulation.playground"; sourceTree = "<group>"; };
		E61DAC6F1B1C8352001F3774 /* Ex2.36-Accumulate-n.playground */ = {isa = PBXFileReference; lastKnownFileType = file.playground; path = "Ex2.36-Accumulate-n.playground"; sourceTree = "<group>"; };
		E61DAC701B1C87E7001F3774 /* Ex2.37-Matrix-and-Vector.playground */ = {isa = PBXFileReference; lastKnownFileType = file.playground; path = "Ex2.37-Matrix-and-Vector.playground"; sourceTree = "<group>"; };
		E62161261B5898A500252487 /* Ex2.67-encoding-tree.playground */ = {isa = PBXFileReference; lastKnownFileType = file.playground; path = "Ex2.67-encoding-tree.playground"; sourceTree = "<group>"; };
		E62161271B589AF400252487 /* Ex2.68-encode.playground */ = {isa = PBXFileReference; lastKnownFileType = file.playground; path = "Ex2.68-encode.playground"; sourceTree = "<group>"; };
		E622C9711B53E2D500FA5D9F /* Ex2.65-union-intersection-set.playground */ = {isa = PBXFileReference; lastKnownFileType = file.playground; path = "Ex2.65-union-intersection-set.playground"; sourceTree = "<group>"; };
		E6234E061A8F53A800E88292 /* 1.3-FormulatingAbstractionsWithHigher-Order-Procedures.playground */ = {isa = PBXFileReference; lastKnownFileType = file.playground; path = "1.3-FormulatingAbstractionsWithHigher-Order-Procedures.playground"; sourceTree = "<group>"; };
		E623CA841A918C7400ED9D5B /* Ex1.29-SimpsonsIntegration.playground */ = {isa = PBXFileReference; lastKnownFileType = file.playground; path = "Ex1.29-SimpsonsIntegration.playground"; sourceTree = "<group>"; };
		E6260E5E1B19CF9200952F4C /* Ex2.32-Subset.playground */ = {isa = PBXFileReference; lastKnownFileType = file.playground; path = "Ex2.32-Subset.playground"; sourceTree = "<group>"; };
		E62A953B1B3D6FB00000A079 /* 2.3.2-Example-Symbolic-Differentiation.playground */ = {isa = PBXFileReference; lastKnownFileType = file.playground; path = "2.3.2-Example-Symbolic-Differentiation.playground"; sourceTree = "<group>"; };
		E62C48021AA40ABC001CE44A /* Ex1.36-X-Power-X.playground */ = {isa = PBXFileReference; lastKnownFileType = file.playground; path = "Ex1.36-X-Power-X.playground"; sourceTree = "<group>"; };
		E62C9C111AD15F7200B45633 /* 2.2-HierarchicalDataAndTheClosureProperty.playground */ = {isa = PBXFileReference; lastKnownFileType = file.playground; path = "2.2-HierarchicalDataAndTheClosureProperty.playground"; sourceTree = "<group>"; };
		E6303E6F1AAB2ACB002733FE /* 2.1-IntroductionToDataAbstraction.playground */ = {isa = PBXFileReference; lastKnownFileType = file.playground; path = "2.1-IntroductionToDataAbstraction.playground"; sourceTree = "<group>"; };
		E630F9CA1AD0D3530004802F /* Ex2.14-Parallel-Resistor-Calculator.playground */ = {isa = PBXFileReference; lastKnownFileType = file.playground; path = "Ex2.14-Parallel-Resistor-Calculator.playground"; sourceTree = "<group>"; };
		E632A6081B3832E600FC61A0 /* Ex2.45-General-Splitting.playground */ = {isa = PBXFileReference; lastKnownFileType = file.playground; path = "Ex2.45-General-Splitting.playground"; sourceTree = "<group>"; };
		E636147F1A5B581A00E495B9 /* 1.1-TheElementsOfProgramming.playground */ = {isa = PBXFileReference; lastKnownFileType = file.playground; path = "1.1-TheElementsOfProgramming.playground"; sourceTree = "<group>"; };
		E63C8E731AA812020092B551 /* Ex1.40-Solve-Cubic.playground */ = {isa = PBXFileReference; lastKnownFileType = file.playground; path = "Ex1.40-Solve-Cubic.playground"; sourceTree = "<group>"; };
		E63C8E741AA8142D0092B551 /* Ex1.41-double.playground */ = {isa = PBXFileReference; lastKnownFileType = file.playground; path = "Ex1.41-double.playground"; sourceTree = "<group>"; };
		E63F83CF1A9312DE00E9AD85 /* Ex1.30-SumIterative.playground */ = {isa = PBXFileReference; lastKnownFileType = file.playground; path = "Ex1.30-SumIterative.playground"; sourceTree = "<group>"; };
		E646C6C81A9421300055017B /* Ex1.31-Product.playground */ = {isa = PBXFileReference; lastKnownFileType = file.playground; path = "Ex1.31-Product.playground"; sourceTree = "<group>"; };
		E646C6C91A95F67F0055017B /* Ex1.32-Accumulate.playground */ = {isa = PBXFileReference; lastKnownFileType = file.playground; path = "Ex1.32-Accumulate.playground"; sourceTree = "<group>"; };
		E64F7C181B12E9C700B27C57 /* Ex2.28-Fringe.playground */ = {isa = PBXFileReference; lastKnownFileType = file.playground; path = "Ex2.28-Fringe.playground"; sourceTree = "<group>"; };
		E6541A371B1C277E00CDDF56 /* Ex2.33-Sequence-Puzzles.playground */ = {isa = PBXFileReference; lastKnownFileType = file.playground; path = "Ex2.33-Sequence-Puzzles.playground"; sourceTree = "<group>"; };
		E6541A381B1C2D1B00CDDF56 /* Ex2.34-Horners-Rule-For-Polynomials.playground */ = {isa = PBXFileReference; lastKnownFileType = file.playground; path = "Ex2.34-Horners-Rule-For-Polynomials.playground"; sourceTree = "<group>"; };
		E6556FC31B54E56400D70B6B /* Ex2.66-Tree-Lookup.playground */ = {isa = PBXFileReference; lastKnownFileType = file.playground; path = "Ex2.66-Tree-Lookup.playground"; sourceTree = "<group>"; };
		E661D6F71AD75C6A00C010A0 /* Ex2.20-Variadic-Parameters.playground */ = {isa = PBXFileReference; lastKnownFileType = file.playground; path = "Ex2.20-Variadic-Parameters.playground"; sourceTree = "<group>"; };
		E66236C21ABFADA700F5E780 /* Ex25SingleIntBasedPairs.playground */ = {isa = PBXFileReference; lastKnownFileType = file.playground; path = Ex25SingleIntBasedPairs.playground; sourceTree = "<group>"; };
		E6633D511AD0A57900FCC4CE /* Ex2.12-Center-Percent-Interval.playground */ = {isa = PBXFileReference; lastKnownFileType = file.playground; path = "Ex2.12-Center-Percent-Interval.playground"; sourceTree = "<group>"; };
		E6680EDB1B1996E500A93CFC /* Ex2.31-Abstract-Square-Tree.playground */ = {isa = PBXFileReference; lastKnownFileType = file.playground; path = "Ex2.31-Abstract-Square-Tree.playground"; sourceTree = "<group>"; };
		E66A58E31A6DF2ED00557760 /* 1.2-Procedures&theProcessesTheyGenerate.playground */ = {isa = PBXFileReference; lastKnownFileType = file.playground; path = "1.2-Procedures&theProcessesTheyGenerate.playground"; sourceTree = "<group>"; };
		E66D11511B56633500470CC6 /* 2.3.4-Example-Huffman-Encoding-Trees.playground */ = {isa = PBXFileReference; lastKnownFileType = file.playground; path = "2.3.4-Example-Huffman-Encoding-Trees.playground"; sourceTree = "<group>"; };
		E66F21681B34E1670058B104 /* 2.2.4 Example- A Picture Language.playground */ = {isa = PBXFileReference; lastKnownFileType = file.playground; path = "2.2.4 Example- A Picture Language.playground"; sourceTree = "<group>"; };
		E67604C81B1990A1002E000E /* Ex2.30-Square-Tree.playground */ = {isa = PBXFileReference; lastKnownFileType = file.playground; path = "Ex2.30-Square-Tree.playground"; sourceTree = "<group>"; };
		E67937D81ACBCF88002447DE /* Ex2.7-Make-Interval.playground */ = {isa = PBXFileReference; lastKnownFileType = file.playground; path = "Ex2.7-Make-Interval.playground"; sourceTree = "<group>"; };
		E67937D91ACBD015002447DE /* Ex2.8-Interval-Subtraction.playground */ = {isa = PBXFileReference; lastKnownFileType = file.playground; path = "Ex2.8-Interval-Subtraction.playground"; sourceTree = "<group>"; };
		E68028C11AABFB560046720A /* Ex2.1-MakeRational.playground */ = {isa = PBXFileReference; lastKnownFileType = file.playground; path = "Ex2.1-MakeRational.playground"; sourceTree = "<group>"; };
		E6866C441ADF64680097106E /* Ex2.24-Tree-Diagrams.playground */ = {isa = PBXFileReference; lastKnownFileType = file.playground; path = "Ex2.24-Tree-Diagrams.playground"; sourceTree = "<group>"; };
		E68AE0D11AA919D100BD09DD /* Ex1.43-repeated.playground */ = {isa = PBXFileReference; lastKnownFileType = file.playground; path = "Ex1.43-repeated.playground"; sourceTree = "<group>"; };
		E68AE0D21AA9439200BD09DD /* Ex1.44-Smoothing.playground */ = {isa = PBXFileReference; lastKnownFileType = file.playground; path = "Ex1.44-Smoothing.playground"; sourceTree = "<group>"; };
		E68AE0D31AA95B2F00BD09DD /* Ex1.45-Finding-Roots.playground */ = {isa = PBXFileReference; lastKnownFileType = file.playground; path = "Ex1.45-Finding-Roots.playground"; sourceTree = "<group>"; };
		E68E2C6A1AC031A300CED4BA /* Ex24Pairs.playground */ = {isa = PBXFileReference; lastKnownFileType = file.playground; path = Ex24Pairs.playground; sourceTree = "<group>"; };
		E6908FE51B39899000D2D02B /* Ex2.50-Flip-Horiz.playground */ = {isa = PBXFileReference; lastKnownFileType = file.playground; path = "Ex2.50-Flip-Horiz.playground"; sourceTree = "<group>"; };
		E6908FE61B398C1900D2D02B /* Ex2.51-Below.playground */ = {isa = PBXFileReference; lastKnownFileType = file.playground; path = "Ex2.51-Below.playground"; sourceTree = "<group>"; };
		E6908FE71B39918400D2D02B /* Ex2.52-Making-Changes.playground */ = {isa = PBXFileReference; lastKnownFileType = file.playground; path = "Ex2.52-Making-Changes.playground"; sourceTree = "<group>"; };
		E691E6C91B1408E200DBAA12 /* Ex2.29-Binary-Mobile.playground */ = {isa = PBXFileReference; lastKnownFileType = file.playground; path = "Ex2.29-Binary-Mobile.playground"; sourceTree = "<group>"; };
		E693FA471AC65C9300459BF7 /* MyPlayground.playground */ = {isa = PBXFileReference; lastKnownFileType = file.playground; path = MyPlayground.playground; sourceTree = "<group>"; };
		E695B1651B12E0E800C92955 /* Ex2.26-Append-Cons-List.playground */ = {isa = PBXFileReference; lastKnownFileType = file.playground; path = "Ex2.26-Append-Cons-List.playground"; sourceTree = "<group>"; };
		E696F06F1AD685D700039485 /* Ex2.17-Last-Pair.playground */ = {isa = PBXFileReference; lastKnownFileType = file.playground; path = "Ex2.17-Last-Pair.playground"; sourceTree = "<group>"; };
		E696F0701AD6872C00039485 /* Ex2.18-Reverse.playground */ = {isa = PBXFileReference; lastKnownFileType = file.playground; path = "Ex2.18-Reverse.playground"; sourceTree = "<group>"; };
		E696F0711AD694A600039485 /* Ex2.19-Change-Counting-Revisited.playground */ = {isa = PBXFileReference; lastKnownFileType = file.playground; path = "Ex2.19-Change-Counting-Revisited.playground"; sourceTree = "<group>"; };
		E69824641ACBD40400D18A6C /* Ex2.9-Interval-Width.playground */ = {isa = PBXFileReference; lastKnownFileType = file.playground; path = "Ex2.9-Interval-Width.playground"; sourceTree = "<group>"; };
		E69C29AA1B1D71DA00E776CC /* Ex2.38-foldl-foldr.playground */ = {isa = PBXFileReference; lastKnownFileType = file.playground; path = "Ex2.38-foldl-foldr.playground"; sourceTree = "<group>"; };
		E6A2F1B21B3A4BF600AAD236 /* 2.3-Symbolic-Data.playground */ = {isa = PBXFileReference; lastKnownFileType = file.playground; path = "2.3-Symbolic-Data.playground"; sourceTree = "<group>"; };
		E6AB1D151AA32D6C001527C3 /* Ex1.35-Golden-Ratio.playground */ = {isa = PBXFileReference; lastKnownFileType = file.playground; path = "Ex1.35-Golden-Ratio.playground"; sourceTree = "<group>"; };
		E6AFD9831B20299F006BA954 /* Ex2.40-Unique-Pairs.playground */ = {isa = PBXFileReference; lastKnownFileType = file.playground; path = "Ex2.40-Unique-Pairs.playground"; sourceTree = "<group>"; };
		E6AFD9861B21202A006BA954 /* Ex2.41-Triple-Sum.playground */ = {isa = PBXFileReference; lastKnownFileType = file.playground; path = "Ex2.41-Triple-Sum.playground"; sourceTree = "<group>"; };
		E6B05B7C1B12E29700D71401 /* Ex2.27-Deep-Reverse.playground */ = {isa = PBXFileReference; lastKnownFileType = file.playground; path = "Ex2.27-Deep-Reverse.playground"; sourceTree = "<group>"; };
		E6B5D34E1ACBE0E1008B7598 /* Ex2.10-Division-Spanning-Zero.playground */ = {isa = PBXFileReference; lastKnownFileType = file.playground; path = "Ex2.10-Division-Spanning-Zero.playground"; sourceTree = "<group>"; };
		E6B7AE841AD0DAC7006EE934 /* Ex2.15-Parallel-Calculator.playground */ = {isa = PBXFileReference; lastKnownFileType = file.playground; path = "Ex2.15-Parallel-Calculator.playground"; sourceTree = "<group>"; };
		E6BA3BF31AA5703B00297A9D /* Ex1.37-Infinite-continued-fraction.playground */ = {isa = PBXFileReference; lastKnownFileType = file.playground; path = "Ex1.37-Infinite-continued-fraction.playground"; sourceTree = "<group>"; };
		E6BA3BF41AA5797A00297A9D /* Ex1.38-Euler-e.playground */ = {isa = PBXFileReference; lastKnownFileType = file.playground; path = "Ex1.38-Euler-e.playground"; sourceTree = "<group>"; };
		E6BA3BF51AA58D7500297A9D /* Ex1.39-Tan-Continuous-Function.playground */ = {isa = PBXFileReference; lastKnownFileType = file.playground; path = "Ex1.39-Tan-Continuous-Function.playground"; sourceTree = "<group>"; };
		E6BCAB741A8AF9690046EF18 /* Ex1.28-Miller-Rabin-Test.playground */ = {isa = PBXFileReference; lastKnownFileType = file.playground; path = "Ex1.28-Miller-Rabin-Test.playground"; sourceTree = "<group>"; };
		E6CE5BA21B42145C0048EBD5 /* Ex2.56-Exponential-Differentiation.playground */ = {isa = PBXFileReference; lastKnownFileType = file.playground; path = "Ex2.56-Exponential-Differentiation.playground"; sourceTree = "<group>"; };
		E6CE5BA31B4232610048EBD5 /* Ex2.57-Variadic-Parameters.playground */ = {isa = PBXFileReference; lastKnownFileType = file.playground; path = "Ex2.57-Variadic-Parameters.playground"; sourceTree = "<group>"; };
		E6CE5BA41B42355E0048EBD5 /* Ex2.58-Infix-Notation.playground */ = {isa = PBXFileReference; lastKnownFileType = file.playground; path = "Ex2.58-Infix-Notation.playground"; sourceTree = "<group>"; };
		E6CE5BA51B4268170048EBD5 /* SymbolicDifferentiation.playground */ = {isa = PBXFileReference; lastKnownFileType = file.playground; path = SymbolicDifferentiation.playground; sourceTree = "<group>"; };
		E6D3B3DC1B230EF3001C9E1A /* Ex2.42-Queens-Puzzle-SICP.playground */ = {isa = PBXFileReference; lastKnownFileType = file.playground; path = "Ex2.42-Queens-Puzzle-SICP.playground"; sourceTree = "<group>"; };
		E6D3B8AC1AA86E1600CB5BEC /* Ex1.42-compose.playground */ = {isa = PBXFileReference; lastKnownFileType = file.playground; path = "Ex1.42-compose.playground"; sourceTree = "<group>"; };
		E6D4204C1AE3DEF30057712B /* Ex2.25-Moving-Through-Trees.playground */ = {isa = PBXFileReference; lastKnownFileType = file.playground; path = "Ex2.25-Moving-Through-Trees.playground"; sourceTree = "<group>"; };
		E6D59CAD1B1E6A03003F3130 /* Ex2.39-Reverse-with-fold.playground */ = {isa = PBXFileReference; lastKnownFileType = file.playground; path = "Ex2.39-Reverse-with-fold.playground"; sourceTree = "<group>"; };
		E6D5BA341AADB384007C9B20 /* Ex2.2-LinesAndPoints.playground */ = {isa = PBXFileReference; lastKnownFileType = file.playground; path = "Ex2.2-LinesAndPoints.playground"; sourceTree = "<group>"; };
		E6D7913B1ACE57AE00279DE9 /* Ex2.11-Optimised-Interval-Division.playground */ = {isa = PBXFileReference; lastKnownFileType = file.playground; path = "Ex2.11-Optimised-Interval-Division.playground"; sourceTree = "<group>"; };
		E6D7D5E21A9EEE6800777201 /* Ex1.34-FunctionsCallingFunctions.playground */ = {isa = PBXFileReference; lastKnownFileType = file.playground; path = "Ex1.34-FunctionsCallingFunctions.playground"; sourceTree = "<group>"; };
		E6D8B2561AD0AC6F000ED7EA /* Ex2.13-Interval-small-tolerances.playground */ = {isa = PBXFileReference; lastKnownFileType = file.playground; path = "Ex2.13-Interval-small-tolerances.playground"; sourceTree = "<group>"; };
		E6D9CB0D1B391014003E86B8 /* Ex2.46-Vectors.playground */ = {isa = PBXFileReference; lastKnownFileType = file.playground; path = "Ex2.46-Vectors.playground"; sourceTree = "<group>"; };
		E6E0D4F51B4F800900EEE84D /* Ex2.63-tree->list.playground */ = {isa = PBXFileReference; lastKnownFileType = file.playground; path = "Ex2.63-tree->list.playground"; sourceTree = "<group>"; };
		E6E0D4F61B4F995600EEE84D /* Ex2.64-list->tree.playground */ = {isa = PBXFileReference; lastKnownFileType = file.playground; path = "Ex2.64-list->tree.playground"; sourceTree = "<group>"; };
		E6E1CE771AD0E33A007CDF5E /* Ex2.16-Improved-Interval.playground */ = {isa = PBXFileReference; lastKnownFileType = file.playground; path = "Ex2.16-Improved-Interval.playground"; sourceTree = "<group>"; };
		E6E6655B1B37CBDC004747C6 /* Ex2.44-Up-Split.playground */ = {isa = PBXFileReference; lastKnownFileType = file.playground; path = "Ex2.44-Up-Split.playground"; sourceTree = "<group>"; };
		E6F1C4C11B23DBA700DEAEFD /* Ex2.43-Queens-Puzzle-Slow.playground */ = {isa = PBXFileReference; lastKnownFileType = file.playground; path = "Ex2.43-Queens-Puzzle-Slow.playground"; sourceTree = "<group>"; };
		E6F8FBCB1B4B6FD5002A16FC /* 2.3.3-Example-Representing-Sets.playground */ = {isa = PBXFileReference; lastKnownFileType = file.playground; path = "2.3.3-Example-Representing-Sets.playground"; sourceTree = "<group>"; };
		E6F8FBCC1B4CFA02002A16FC /* Ex2.59-Union-Set.playground */ = {isa = PBXFileReference; lastKnownFileType = file.playground; path = "Ex2.59-Union-Set.playground"; sourceTree = "<group>"; };
		E6F8FBCD1B4D1792002A16FC /* Ex2.60-Set-With-Duplicates.playground */ = {isa = PBXFileReference; lastKnownFileType = file.playground; path = "Ex2.60-Set-With-Duplicates.playground"; sourceTree = "<group>"; };
		E6FCEBC61A98A6E500E1AB59 /* Ex1.33-Filtered-Accumulate.playground */ = {isa = PBXFileReference; lastKnownFileType = file.playground; path = "Ex1.33-Filtered-Accumulate.playground"; sourceTree = "<group>"; };
/* End PBXFileReference section */

/* Begin PBXGroup section */
		E618E2001B20151F00A67D04 /* 2.1 Introduction To Data Abstraction */ = {
			isa = PBXGroup;
			children = (
				E6303E6F1AAB2ACB002733FE /* 2.1-IntroductionToDataAbstraction.playground */,
				E68028C11AABFB560046720A /* Ex2.1-MakeRational.playground */,
				E6D5BA341AADB384007C9B20 /* Ex2.2-LinesAndPoints.playground */,
				E616A2161AAF108E00BCE97E /* Ex2.3-Rectangles.playground */,
				E68E2C6A1AC031A300CED4BA /* Ex24Pairs.playground */,
				E66236C21ABFADA700F5E780 /* Ex25SingleIntBasedPairs.playground */,
				E60FC5191AC0EAE2007A7197 /* Ex26ChurchNumerals.playground */,
				E67937D81ACBCF88002447DE /* Ex2.7-Make-Interval.playground */,
				E67937D91ACBD015002447DE /* Ex2.8-Interval-Subtraction.playground */,
				E69824641ACBD40400D18A6C /* Ex2.9-Interval-Width.playground */,
				E6B5D34E1ACBE0E1008B7598 /* Ex2.10-Division-Spanning-Zero.playground */,
				E6D7913B1ACE57AE00279DE9 /* Ex2.11-Optimised-Interval-Division.playground */,
				E6633D511AD0A57900FCC4CE /* Ex2.12-Center-Percent-Interval.playground */,
				E6D8B2561AD0AC6F000ED7EA /* Ex2.13-Interval-small-tolerances.playground */,
				E630F9CA1AD0D3530004802F /* Ex2.14-Parallel-Resistor-Calculator.playground */,
				E6B7AE841AD0DAC7006EE934 /* Ex2.15-Parallel-Calculator.playground */,
				E6E1CE771AD0E33A007CDF5E /* Ex2.16-Improved-Interval.playground */,
			);
			name = "2.1 Introduction To Data Abstraction";
			sourceTree = "<group>";
		};
		E618E2011B20153900A67D04 /* 2.2 Hierarchical Data and the Closure Property */ = {
			isa = PBXGroup;
			children = (
				E62C9C111AD15F7200B45633 /* 2.2-HierarchicalDataAndTheClosureProperty.playground */,
				E66F21681B34E1670058B104 /* 2.2.4 Example- A Picture Language.playground */,
				E696F06F1AD685D700039485 /* Ex2.17-Last-Pair.playground */,
				E696F0701AD6872C00039485 /* Ex2.18-Reverse.playground */,
				E696F0711AD694A600039485 /* Ex2.19-Change-Counting-Revisited.playground */,
				E661D6F71AD75C6A00C010A0 /* Ex2.20-Variadic-Parameters.playground */,
				E6153A081ADA8EEB0031FA24 /* Ex2.21-Square-List.playground */,
				E6153A091ADAA0050031FA24 /* Ex2.22-Iterative-Square-List.playground */,
				E61601471ADB50C70081BF21 /* Ex2.23-For-Each.playground */,
				E6866C441ADF64680097106E /* Ex2.24-Tree-Diagrams.playground */,
				E6D4204C1AE3DEF30057712B /* Ex2.25-Moving-Through-Trees.playground */,
				E695B1651B12E0E800C92955 /* Ex2.26-Append-Cons-List.playground */,
				E6B05B7C1B12E29700D71401 /* Ex2.27-Deep-Reverse.playground */,
				E64F7C181B12E9C700B27C57 /* Ex2.28-Fringe.playground */,
				E691E6C91B1408E200DBAA12 /* Ex2.29-Binary-Mobile.playground */,
				E67604C81B1990A1002E000E /* Ex2.30-Square-Tree.playground */,
				E6680EDB1B1996E500A93CFC /* Ex2.31-Abstract-Square-Tree.playground */,
				E6260E5E1B19CF9200952F4C /* Ex2.32-Subset.playground */,
				E6541A371B1C277E00CDDF56 /* Ex2.33-Sequence-Puzzles.playground */,
				E6541A381B1C2D1B00CDDF56 /* Ex2.34-Horners-Rule-For-Polynomials.playground */,
				E61DAC6E1B1C6457001F3774 /* Ex2.35-Count-Leaves-Accumulation.playground */,
				E61DAC6F1B1C8352001F3774 /* Ex2.36-Accumulate-n.playground */,
				E61DAC701B1C87E7001F3774 /* Ex2.37-Matrix-and-Vector.playground */,
				E69C29AA1B1D71DA00E776CC /* Ex2.38-foldl-foldr.playground */,
				E6D59CAD1B1E6A03003F3130 /* Ex2.39-Reverse-with-fold.playground */,
				E6AFD9831B20299F006BA954 /* Ex2.40-Unique-Pairs.playground */,
				E6AFD9861B21202A006BA954 /* Ex2.41-Triple-Sum.playground */,
				E60A1B3C1B217305008E914D /* Ex2.42-Queens-Puzzle.playground */,
				E6D3B3DC1B230EF3001C9E1A /* Ex2.42-Queens-Puzzle-SICP.playground */,
				E6F1C4C11B23DBA700DEAEFD /* Ex2.43-Queens-Puzzle-Slow.playground */,
				E6E6655B1B37CBDC004747C6 /* Ex2.44-Up-Split.playground */,
				E632A6081B3832E600FC61A0 /* Ex2.45-General-Splitting.playground */,
				E6D9CB0D1B391014003E86B8 /* Ex2.46-Vectors.playground */,
				E618DBFA1B39169A00FF9E3C /* Ex2.47-Frame.playground */,
				E618DBFB1B391F5700FF9E3C /* Ex2.48-Segment.playground */,
				E618DBFC1B39203700FF9E3C /* Ex2.49-Segments-To-Painters.playground */,
				E6908FE51B39899000D2D02B /* Ex2.50-Flip-Horiz.playground */,
				E6908FE61B398C1900D2D02B /* Ex2.51-Below.playground */,
				E6908FE71B39918400D2D02B /* Ex2.52-Making-Changes.playground */,
			);
			name = "2.2 Hierarchical Data and the Closure Property";
			sourceTree = "<group>";
		};
		E6303E701AAB2AD7002733FE /* Chapter 2 Building Abstractions with Data */ = {
			isa = PBXGroup;
			children = (
				E618E2001B20151F00A67D04 /* 2.1 Introduction To Data Abstraction */,
				E618E2011B20153900A67D04 /* 2.2 Hierarchical Data and the Closure Property */,
				E6A2F1B21B3A4BF600AAD236 /* 2.3-Symbolic-Data.playground */,
				E62A953B1B3D6FB00000A079 /* 2.3.2-Example-Symbolic-Differentiation.playground */,
				E6CE5BA21B42145C0048EBD5 /* Ex2.56-Exponential-Differentiation.playground */,
				E6CE5BA31B4232610048EBD5 /* Ex2.57-Variadic-Parameters.playground */,
				E6CE5BA41B42355E0048EBD5 /* Ex2.58-Infix-Notation.playground */,
				E6CE5BA51B4268170048EBD5 /* SymbolicDifferentiation.playground */,
				E6F8FBCB1B4B6FD5002A16FC /* 2.3.3-Example-Representing-Sets.playground */,
				E6F8FBCC1B4CFA02002A16FC /* Ex2.59-Union-Set.playground */,
				E6F8FBCD1B4D1792002A16FC /* Ex2.60-Set-With-Duplicates.playground */,
				E60355671B4DE5740055C32A /* Ex2.61-adjoinSet-ordered.playground */,
				E60355681B4DF06A0055C32A /* Ex2.62-unionSet-ordered.playground */,
				E6E0D4F51B4F800900EEE84D /* Ex2.63-tree->list.playground */,
				E6E0D4F61B4F995600EEE84D /* Ex2.64-list->tree.playground */,
				E622C9711B53E2D500FA5D9F /* Ex2.65-union-intersection-set.playground */,
				E6556FC31B54E56400D70B6B /* Ex2.66-Tree-Lookup.playground */,
				E66D11511B56633500470CC6 /* 2.3.4-Example-Huffman-Encoding-Trees.playground */,
				E62161261B5898A500252487 /* Ex2.67-encoding-tree.playground */,
				E62161271B589AF400252487 /* Ex2.68-encode.playground */,
				E607D25F1B58B0E2006FB709 /* Ex2.69-generate-Huffman-tree.playground */,
			);
			name = "Chapter 2 Building Abstractions with Data";
			sourceTree = "<group>";
		};
		E63614781A5B57F800E495B9 = {
			isa = PBXGroup;
			children = (
				E693FA471AC65C9300459BF7 /* MyPlayground.playground */,
				E6F73DFA1A6DF39300EEE0FE /* Chapter 1 Building Abstractions from Procedures */,
				E6303E701AAB2AD7002733FE /* Chapter 2 Building Abstractions with Data */,
			);
			sourceTree = "<group>";
		};
		E6AFD9841B2072E9006BA954 /* 1.3 Formulating Abstractions with Higher Order Procedures */ = {
			isa = PBXGroup;
			children = (
				E6234E061A8F53A800E88292 /* 1.3-FormulatingAbstractionsWithHigher-Order-Procedures.playground */,
				E623CA841A918C7400ED9D5B /* Ex1.29-SimpsonsIntegration.playground */,
				E63F83CF1A9312DE00E9AD85 /* Ex1.30-SumIterative.playground */,
				E646C6C81A9421300055017B /* Ex1.31-Product.playground */,
				E646C6C91A95F67F0055017B /* Ex1.32-Accumulate.playground */,
				E6FCEBC61A98A6E500E1AB59 /* Ex1.33-Filtered-Accumulate.playground */,
				E6D7D5E21A9EEE6800777201 /* Ex1.34-FunctionsCallingFunctions.playground */,
				E6AB1D151AA32D6C001527C3 /* Ex1.35-Golden-Ratio.playground */,
				E62C48021AA40ABC001CE44A /* Ex1.36-X-Power-X.playground */,
				E6BA3BF31AA5703B00297A9D /* Ex1.37-Infinite-continued-fraction.playground */,
				E6BA3BF41AA5797A00297A9D /* Ex1.38-Euler-e.playground */,
				E6BA3BF51AA58D7500297A9D /* Ex1.39-Tan-Continuous-Function.playground */,
				E63C8E731AA812020092B551 /* Ex1.40-Solve-Cubic.playground */,
				E63C8E741AA8142D0092B551 /* Ex1.41-double.playground */,
				E6D3B8AC1AA86E1600CB5BEC /* Ex1.42-compose.playground */,
				E68AE0D11AA919D100BD09DD /* Ex1.43-repeated.playground */,
				E68AE0D21AA9439200BD09DD /* Ex1.44-Smoothing.playground */,
				E68AE0D31AA95B2F00BD09DD /* Ex1.45-Finding-Roots.playground */,
				E60401F61AA9673C00211ABE /* Ex1.46-Iterative-Improve.playground */,
			);
			name = "1.3 Formulating Abstractions with Higher Order Procedures";
			sourceTree = "<group>";
		};
		E6AFD9851B207310006BA954 /* 1.2 Procedures & the Processes they Generate */ = {
			isa = PBXGroup;
			children = (
				E66A58E31A6DF2ED00557760 /* 1.2-Procedures&theProcessesTheyGenerate.playground */,
				AA313A1F1A7FA66100A12005 /* Ex1.22-SearchForPrimes.playground */,
				AA313A1E1A7FA3AC00A12005 /* Ex1.23-SearchForPrimes.playground */,
				AA5103C21A81000100D145C1 /* Ex1.24-SearchForPrimes-Fermat.playground */,
				AA8DA81F1A82473500643C12 /* Ex1.25-expMod-Modified.playground */,
				E60A86D31A839C2200ACBA3C /* Ex1.26-expMod-Modified.playground */,
				E61AD7481A871D2B0028163E /* Ex1.27-Carmichael-Numbers.playground */,
				E6BCAB741A8AF9690046EF18 /* Ex1.28-Miller-Rabin-Test.playground */,
			);
			name = "1.2 Procedures & the Processes they Generate";
			sourceTree = "<group>";
		};
		E6F73DFA1A6DF39300EEE0FE /* Chapter 1 Building Abstractions from Procedures */ = {
			isa = PBXGroup;
			children = (
				E636147F1A5B581A00E495B9 /* 1.1-TheElementsOfProgramming.playground */,
				E6AFD9851B207310006BA954 /* 1.2 Procedures & the Processes they Generate */,
				E6AFD9841B2072E9006BA954 /* 1.3 Formulating Abstractions with Higher Order Procedures */,
			);
			name = "Chapter 1 Building Abstractions from Procedures";
			sourceTree = "<group>";
		};
/* End PBXGroup section */

/* Begin PBXProject section */
		E63614791A5B57F800E495B9 /* Project object */ = {
			isa = PBXProject;
			attributes = {
				LastUpgradeCheck = 0630;
			};
			buildConfigurationList = E636147C1A5B57F800E495B9 /* Build configuration list for PBXProject "Swift" */;
			compatibilityVersion = "Xcode 3.2";
			developmentRegion = English;
			hasScannedForEncodings = 0;
			knownRegions = (
				en,
			);
			mainGroup = E63614781A5B57F800E495B9;
			projectDirPath = "";
			projectRoot = "";
			targets = (
			);
		};
/* End PBXProject section */

/* Begin XCBuildConfiguration section */
		E636147D1A5B57F800E495B9 /* Debug */ = {
			isa = XCBuildConfiguration;
			buildSettings = {
				ONLY_ACTIVE_ARCH = YES;
			};
			name = Debug;
		};
		E636147E1A5B57F800E495B9 /* Release */ = {
			isa = XCBuildConfiguration;
			buildSettings = {
			};
			name = Release;
		};
/* End XCBuildConfiguration section */

/* Begin XCConfigurationList section */
		E636147C1A5B57F800E495B9 /* Build configuration list for PBXProject "Swift" */ = {
			isa = XCConfigurationList;
			buildConfigurations = (
				E636147D1A5B57F800E495B9 /* Debug */,
				E636147E1A5B57F800E495B9 /* Release */,
			);
			defaultConfigurationIsVisible = 0;
			defaultConfigurationName = Release;
		};
/* End XCConfigurationList section */
	};
	rootObject = E63614791A5B57F800E495B9 /* Project object */;
}
