// !$*UTF8*$!
{
	archiveVersion = 1;
	classes = {
	};
	objectVersion = 46;
	objects = {

/* Begin PBXFileReference section */
		AA313A1E1A7FA3AC00A12005 /* Ex1.23-SearchForPrimes.playground */ = {isa = PBXFileReference; lastKnownFileType = file.playground; path = "Ex1.23-SearchForPrimes.playground"; sourceTree = "<group>"; };
		AA313A1F1A7FA66100A12005 /* Ex1.22-SearchForPrimes.playground */ = {isa = PBXFileReference; lastKnownFileType = file.playground; path = "Ex1.22-SearchForPrimes.playground"; sourceTree = "<group>"; };
		E636147F1A5B581A00E495B9 /* 1.1-TheElementsOfProgramming.playground */ = {isa = PBXFileReference; lastKnownFileType = file.playground; path = "1.1-TheElementsOfProgramming.playground"; sourceTree = "<group>"; };
		E66A58E31A6DF2ED00557760 /* 1.2-Procedures&theProcessesTheyGenerate.playground */ = {isa = PBXFileReference; lastKnownFileType = file.playground; path = "1.2-Procedures&theProcessesTheyGenerate.playground"; sourceTree = "<group>"; };
/* End PBXFileReference section */

/* Begin PBXGroup section */
		E63614781A5B57F800E495B9 = {
			isa = PBXGroup;
			children = (
				E6F73DFA1A6DF39300EEE0FE /* Chapter 1 Building Abstractions from Procedures */,
			);
			sourceTree = "<group>";
		};
		E6F73DFA1A6DF39300EEE0FE /* Chapter 1 Building Abstractions from Procedures */ = {
			isa = PBXGroup;
			children = (
				E636147F1A5B581A00E495B9 /* 1.1-TheElementsOfProgramming.playground */,
				E66A58E31A6DF2ED00557760 /* 1.2-Procedures&theProcessesTheyGenerate.playground */,
				AA313A1F1A7FA66100A12005 /* Ex1.22-SearchForPrimes.playground */,
				AA313A1E1A7FA3AC00A12005 /* Ex1.23-SearchForPrimes.playground */,
			);
			name = "Chapter 1 Building Abstractions from Procedures";
			sourceTree = "<group>";
		};
/* End PBXGroup section */

/* Begin PBXProject section */
		E63614791A5B57F800E495B9 /* Project object */ = {
			isa = PBXProject;
			attributes = {
				LastUpgradeCheck = 0610;
			};
			buildConfigurationList = E636147C1A5B57F800E495B9 /* Build configuration list for PBXProject "Swift" */;
			compatibilityVersion = "Xcode 3.2";
			developmentRegion = English;
			hasScannedForEncodings = 0;
			knownRegions = (
				en,
			);
			mainGroup = E63614781A5B57F800E495B9;
			projectDirPath = "";
			projectRoot = "";
			targets = (
			);
		};
/* End PBXProject section */

/* Begin XCBuildConfiguration section */
		E636147D1A5B57F800E495B9 /* Debug */ = {
			isa = XCBuildConfiguration;
			buildSettings = {
			};
			name = Debug;
		};
		E636147E1A5B57F800E495B9 /* Release */ = {
			isa = XCBuildConfiguration;
			buildSettings = {
			};
			name = Release;
		};
/* End XCBuildConfiguration section */

/* Begin XCConfigurationList section */
		E636147C1A5B57F800E495B9 /* Build configuration list for PBXProject "Swift" */ = {
			isa = XCConfigurationList;
			buildConfigurations = (
				E636147D1A5B57F800E495B9 /* Debug */,
				E636147E1A5B57F800E495B9 /* Release */,
			);
			defaultConfigurationIsVisible = 0;
			defaultConfigurationName = Release;
		};
/* End XCConfigurationList section */
	};
	rootObject = E63614791A5B57F800E495B9 /* Project object */;
}
